
Microsoft Visual Studio Solution File, Format Version 12.00
# Visual Studio Version 16
VisualStudioVersion = 16.0.30621.155
MinimumVisualStudioVersion = 10.0.40219.1
Project("{9A19103F-16F7-4668-BE54-9A1E7A4F7556}") = "BankApiMock", "BankApiMock\BankApiMock.csproj", "{F28CD71E-AB85-467B-B912-D436787480D6}"
EndProject
Project("{9A19103F-16F7-4668-BE54-9A1E7A4F7556}") = "PaymentGateway.Contract", "PaymentGateway.Contract\PaymentGateway.Contract.csproj", "{5CF574EE-B8C2-4DE8-A110-C965DCCCF1DB}"
EndProject
Project("{9A19103F-16F7-4668-BE54-9A1E7A4F7556}") = "PaymentGateway", "PaymentGateway\PaymentGateway.csproj", "{D8311CBA-91C1-4E01-AD43-7154BC051C04}"
EndProject
Project("{9A19103F-16F7-4668-BE54-9A1E7A4F7556}") = "PaymentGateway.Tests", "PaymentGateway.Tests\PaymentGateway.Tests.csproj", "{D7666C4D-4DEC-4CD6-99A0-9EC34307282A}"
EndProject
Global
	GlobalSection(SolutionConfigurationPlatforms) = preSolution
		Debug|Any CPU = Debug|Any CPU
		Release|Any CPU = Release|Any CPU
	EndGlobalSection
	GlobalSection(ProjectConfigurationPlatforms) = postSolution
		{F28CD71E-AB85-467B-B912-D436787480D6}.Debug|Any CPU.ActiveCfg = Debug|Any CPU
		{F28CD71E-AB85-467B-B912-D436787480D6}.Debug|Any CPU.Build.0 = Debug|Any CPU
		{F28CD71E-AB85-467B-B912-D436787480D6}.Release|Any CPU.ActiveCfg = Release|Any CPU
		{F28CD71E-AB85-467B-B912-D436787480D6}.Release|Any CPU.Build.0 = Release|Any CPU
		{5CF574EE-B8C2-4DE8-A110-C965DCCCF1DB}.Debug|Any CPU.ActiveCfg = Debug|Any CPU
		{5CF574EE-B8C2-4DE8-A110-C965DCCCF1DB}.Debug|Any CPU.Build.0 = Debug|Any CPU
		{5CF574EE-B8C2-4DE8-A110-C965DCCCF1DB}.Release|Any CPU.ActiveCfg = Release|Any CPU
		{5CF574EE-B8C2-4DE8-A110-C965DCCCF1DB}.Release|Any CPU.Build.0 = Release|Any CPU
		{D8311CBA-91C1-4E01-AD43-7154BC051C04}.Debug|Any CPU.ActiveCfg = Debug|Any CPU
		{D8311CBA-91C1-4E01-AD43-7154BC051C04}.Debug|Any CPU.Build.0 = Debug|Any CPU
		{D8311CBA-91C1-4E01-AD43-7154BC051C04}.Release|Any CPU.ActiveCfg = Release|Any CPU
		{D8311CBA-91C1-4E01-AD43-7154BC051C04}.Release|Any CPU.Build.0 = Release|Any CPU
		{D7666C4D-4DEC-4CD6-99A0-9EC34307282A}.Debug|Any CPU.ActiveCfg = Debug|Any CPU
		{D7666C4D-4DEC-4CD6-99A0-9EC34307282A}.Debug|Any CPU.Build.0 = Debug|Any CPU
		{D7666C4D-4DEC-4CD6-99A0-9EC34307282A}.Release|Any CPU.ActiveCfg = Release|Any CPU
		{D7666C4D-4DEC-4CD6-99A0-9EC34307282A}.Release|Any CPU.Build.0 = Release|Any CPU
	EndGlobalSection
	GlobalSection(SolutionProperties) = preSolution
		HideSolutionNode = FALSE
	EndGlobalSection
	GlobalSection(ExtensibilityGlobals) = postSolution
		SolutionGuid = {2D205D3D-E06F-437C-AC49-E50A3A6BDBAD}
	EndGlobalSection
EndGlobal
